
Microsoft Visual Studio Solution File, Format Version 12.00
# Visual Studio Version 17
VisualStudioVersion = 17.7.34202.233
MinimumVisualStudioVersion = 10.0.40219.1
Project("{FAE04EC0-301F-11D3-BF4B-00C04F79EFBC}") = "Exercitiu 11", "Exercitiu 11\Exercitiu 11.csproj", "{3B53BD03-1BDE-4656-B560-F368E15BB9A9}"
EndProject
Global
	GlobalSection(SolutionConfigurationPlatforms) = preSolution
		Debug|Any CPU = Debug|Any CPU
		Release|Any CPU = Release|Any CPU
	EndGlobalSection
	GlobalSection(ProjectConfigurationPlatforms) = postSolution
		{3B53BD03-1BDE-4656-B560-F368E15BB9A9}.Debug|Any CPU.ActiveCfg = Debug|Any CPU
		{3B53BD03-1BDE-4656-B560-F368E15BB9A9}.Debug|Any CPU.Build.0 = Debug|Any CPU
		{3B53BD03-1BDE-4656-B560-F368E15BB9A9}.Release|Any CPU.ActiveCfg = Release|Any CPU
		{3B53BD03-1BDE-4656-B560-F368E15BB9A9}.Release|Any CPU.Build.0 = Release|Any CPU
	EndGlobalSection
	GlobalSection(SolutionProperties) = preSolution
		HideSolutionNode = FALSE
	EndGlobalSection
	GlobalSection(ExtensibilityGlobals) = postSolution
		SolutionGuid = {794387F6-3E5E-4E28-A550-E56B0BC61E72}
	EndGlobalSection
EndGlobal
