
Microsoft Visual Studio Solution File, Format Version 12.00
# Visual Studio Version 17
VisualStudioVersion = 17.7.34202.233
MinimumVisualStudioVersion = 10.0.40219.1
Project("{FAE04EC0-301F-11D3-BF4B-00C04F79EFBC}") = "Exercitiu 13", "Exercitiu 13\Exercitiu 13.csproj", "{C9FFA941-511A-42C7-89FF-B36883BE43CA}"
EndProject
Global
	GlobalSection(SolutionConfigurationPlatforms) = preSolution
		Debug|Any CPU = Debug|Any CPU
		Release|Any CPU = Release|Any CPU
	EndGlobalSection
	GlobalSection(ProjectConfigurationPlatforms) = postSolution
		{C9FFA941-511A-42C7-89FF-B36883BE43CA}.Debug|Any CPU.ActiveCfg = Debug|Any CPU
		{C9FFA941-511A-42C7-89FF-B36883BE43CA}.Debug|Any CPU.Build.0 = Debug|Any CPU
		{C9FFA941-511A-42C7-89FF-B36883BE43CA}.Release|Any CPU.ActiveCfg = Release|Any CPU
		{C9FFA941-511A-42C7-89FF-B36883BE43CA}.Release|Any CPU.Build.0 = Release|Any CPU
	EndGlobalSection
	GlobalSection(SolutionProperties) = preSolution
		HideSolutionNode = FALSE
	EndGlobalSection
	GlobalSection(ExtensibilityGlobals) = postSolution
		SolutionGuid = {DE7553B9-D445-4090-8F3E-BD9C3BAD7B85}
	EndGlobalSection
EndGlobal
